// !$*UTF8*$!
{
	archiveVersion = 1;
	classes = {
	};
	objectVersion = 56;
	objects = {

/* Begin PBXBuildFile section */
		0EC0BB8329541BAF0071C3B2 /* main.swift in Sources */ = {isa = PBXBuildFile; fileRef = 0EC0BB8229541BAF0071C3B2 /* main.swift */; };
		0EC0BB8A29541BB30071C3B2 /* Input.swift in Sources */ = {isa = PBXBuildFile; fileRef = 0EC0BB8929541BB30071C3B2 /* Input.swift */; };
		0EC0BB8D29541F310071C3B2 /* Parsing in Frameworks */ = {isa = PBXBuildFile; productRef = 0EC0BB8C29541F310071C3B2 /* Parsing */; };
		0EC0BB902954BAF30071C3B2 /* AdventKit in Frameworks */ = {isa = PBXBuildFile; productRef = 0EC0BB8F2954BAF30071C3B2 /* AdventKit */; };
/* End PBXBuildFile section */

/* Begin PBXCopyFilesBuildPhase section */
		0EC0BB7D29541BAF0071C3B2 /* CopyFiles */ = {
			isa = PBXCopyFilesBuildPhase;
			buildActionMask = 2147483647;
			dstPath = /usr/share/man/man1/;
			dstSubfolderSpec = 0;
			files = (
			);
			runOnlyForDeploymentPostprocessing = 1;
		};
/* End PBXCopyFilesBuildPhase section */

/* Begin PBXFileReference section */
		0EC0BB7F29541BAF0071C3B2 /* Day22 */ = {isa = PBXFileReference; explicitFileType = "compiled.mach-o.executable"; includeInIndex = 0; path = Day22; sourceTree = BUILT_PRODUCTS_DIR; };
		0EC0BB8229541BAF0071C3B2 /* main.swift */ = {isa = PBXFileReference; lastKnownFileType = sourcecode.swift; path = main.swift; sourceTree = "<group>"; };
		0EC0BB8929541BB30071C3B2 /* Input.swift */ = {isa = PBXFileReference; lastKnownFileType = sourcecode.swift; path = Input.swift; sourceTree = "<group>"; };
/* End PBXFileReference section */

/* Begin PBXFrameworksBuildPhase section */
		0EC0BB7C29541BAF0071C3B2 /* Frameworks */ = {
			isa = PBXFrameworksBuildPhase;
			buildActionMask = 2147483647;
			files = (
				0EC0BB8D29541F310071C3B2 /* Parsing in Frameworks */,
				0EC0BB902954BAF30071C3B2 /* AdventKit in Frameworks */,
			);
			runOnlyForDeploymentPostprocessing = 0;
		};
/* End PBXFrameworksBuildPhase section */

/* Begin PBXGroup section */
		0EC0BB7629541BAF0071C3B2 = {
			isa = PBXGroup;
			children = (
				0EC0BB8129541BAF0071C3B2 /* Day22 */,
				0EC0BB8029541BAF0071C3B2 /* Products */,
				0EC0BB8E2954BAF30071C3B2 /* Frameworks */,
			);
			sourceTree = "<group>";
		};
		0EC0BB8029541BAF0071C3B2 /* Products */ = {
			isa = PBXGroup;
			children = (
				0EC0BB7F29541BAF0071C3B2 /* Day22 */,
			);
			name = Products;
			sourceTree = "<group>";
		};
		0EC0BB8129541BAF0071C3B2 /* Day22 */ = {
			isa = PBXGroup;
			children = (
				0EC0BB8229541BAF0071C3B2 /* main.swift */,
				0EC0BB8929541BB30071C3B2 /* Input.swift */,
			);
			path = Day22;
			sourceTree = "<group>";
		};
		0EC0BB8E2954BAF30071C3B2 /* Frameworks */ = {
			isa = PBXGroup;
			children = (
			);
			name = Frameworks;
			sourceTree = "<group>";
		};
/* End PBXGroup section */

/* Begin PBXNativeTarget section */
		0EC0BB7E29541BAF0071C3B2 /* Day22 */ = {
			isa = PBXNativeTarget;
			buildConfigurationList = 0EC0BB8629541BAF0071C3B2 /* Build configuration list for PBXNativeTarget "Day22" */;
			buildPhases = (
				0EC0BB7B29541BAF0071C3B2 /* Sources */,
				0EC0BB7C29541BAF0071C3B2 /* Frameworks */,
				0EC0BB7D29541BAF0071C3B2 /* CopyFiles */,
			);
			buildRules = (
			);
			dependencies = (
			);
			name = Day22;
			packageProductDependencies = (
				0EC0BB8C29541F310071C3B2 /* Parsing */,
				0EC0BB8F2954BAF30071C3B2 /* AdventKit */,
			);
			productName = Day22;
			productReference = 0EC0BB7F29541BAF0071C3B2 /* Day22 */;
			productType = "com.apple.product-type.tool";
		};
/* End PBXNativeTarget section */

/* Begin PBXProject section */
		0EC0BB7729541BAF0071C3B2 /* Project object */ = {
			isa = PBXProject;
			attributes = {
				BuildIndependentTargetsInParallel = 1;
				LastSwiftUpdateCheck = 1420;
				LastUpgradeCheck = 1420;
				TargetAttributes = {
					0EC0BB7E29541BAF0071C3B2 = {
						CreatedOnToolsVersion = 14.2;
					};
				};
			};
			buildConfigurationList = 0EC0BB7A29541BAF0071C3B2 /* Build configuration list for PBXProject "Day22" */;
			compatibilityVersion = "Xcode 14.0";
			developmentRegion = en;
			hasScannedForEncodings = 0;
			knownRegions = (
				en,
				Base,
			);
			mainGroup = 0EC0BB7629541BAF0071C3B2;
			packageReferences = (
				0EC0BB8B29541F310071C3B2 /* XCRemoteSwiftPackageReference "swift-parsing" */,
			);
			productRefGroup = 0EC0BB8029541BAF0071C3B2 /* Products */;
			projectDirPath = "";
			projectRoot = "";
			targets = (
				0EC0BB7E29541BAF0071C3B2 /* Day22 */,
			);
		};
/* End PBXProject section */

/* Begin PBXSourcesBuildPhase section */
		0EC0BB7B29541BAF0071C3B2 /* Sources */ = {
			isa = PBXSourcesBuildPhase;
			buildActionMask = 2147483647;
			files = (
				0EC0BB8A29541BB30071C3B2 /* Input.swift in Sources */,
				0EC0BB8329541BAF0071C3B2 /* main.swift in Sources */,
			);
			runOnlyForDeploymentPostprocessing = 0;
		};
/* End PBXSourcesBuildPhase section */

/* Begin XCBuildConfiguration section */
		0EC0BB8429541BAF0071C3B2 /* Debug */ = {
			isa = XCBuildConfiguration;
			buildSettings = {
				ALWAYS_SEARCH_USER_PATHS = NO;
				CLANG_ANALYZER_NONNULL = YES;
				CLANG_ANALYZER_NUMBER_OBJECT_CONVERSION = YES_AGGRESSIVE;
				CLANG_CXX_LANGUAGE_STANDARD = "gnu++20";
				CLANG_ENABLE_MODULES = YES;
				CLANG_ENABLE_OBJC_ARC = YES;
				CLANG_ENABLE_OBJC_WEAK = YES;
				CLANG_WARN_BLOCK_CAPTURE_AUTORELEASING = YES;
				CLANG_WARN_BOOL_CONVERSION = YES;
				CLANG_WARN_COMMA = YES;
				CLANG_WARN_CONSTANT_CONVERSION = YES;
				CLANG_WARN_DEPRECATED_OBJC_IMPLEMENTATIONS = YES;
				CLANG_WARN_DIRECT_OBJC_ISA_USAGE = YES_ERROR;
				CLANG_WARN_DOCUMENTATION_COMMENTS = YES;
				CLANG_WARN_EMPTY_BODY = YES;
				CLANG_WARN_ENUM_CONVERSION = YES;
				CLANG_WARN_INFINITE_RECURSION = YES;
				CLANG_WARN_INT_CONVERSION = YES;
				CLANG_WARN_NON_LITERAL_NULL_CONVERSION = YES;
				CLANG_WARN_OBJC_IMPLICIT_RETAIN_SELF = YES;
				CLANG_WARN_OBJC_LITERAL_CONVERSION = YES;
				CLANG_WARN_OBJC_ROOT_CLASS = YES_ERROR;
				CLANG_WARN_QUOTED_INCLUDE_IN_FRAMEWORK_HEADER = YES;
				CLANG_WARN_RANGE_LOOP_ANALYSIS = YES;
				CLANG_WARN_STRICT_PROTOTYPES = YES;
				CLANG_WARN_SUSPICIOUS_MOVE = YES;
				CLANG_WARN_UNGUARDED_AVAILABILITY = YES_AGGRESSIVE;
				CLANG_WARN_UNREACHABLE_CODE = YES;
				CLANG_WARN__DUPLICATE_METHOD_MATCH = YES;
				COPY_PHASE_STRIP = NO;
				DEBUG_INFORMATION_FORMAT = dwarf;
				ENABLE_STRICT_OBJC_MSGSEND = YES;
				ENABLE_TESTABILITY = YES;
				GCC_C_LANGUAGE_STANDARD = gnu11;
				GCC_DYNAMIC_NO_PIC = NO;
				GCC_NO_COMMON_BLOCKS = YES;
				GCC_OPTIMIZATION_LEVEL = 0;
				GCC_PREPROCESSOR_DEFINITIONS = (
					"DEBUG=1",
					"$(inherited)",
				);
				GCC_WARN_64_TO_32_BIT_CONVERSION = YES;
				GCC_WARN_ABOUT_RETURN_TYPE = YES_ERROR;
				GCC_WARN_UNDECLARED_SELECTOR = YES;
				GCC_WARN_UNINITIALIZED_AUTOS = YES_AGGRESSIVE;
				GCC_WARN_UNUSED_FUNCTION = YES;
				GCC_WARN_UNUSED_VARIABLE = YES;
				MACOSX_DEPLOYMENT_TARGET = 13.1;
				MTL_ENABLE_DEBUG_INFO = INCLUDE_SOURCE;
				MTL_FAST_MATH = YES;
				ONLY_ACTIVE_ARCH = YES;
				SDKROOT = macosx;
				SWIFT_ACTIVE_COMPILATION_CONDITIONS = DEBUG;
				SWIFT_OPTIMIZATION_LEVEL = "-Onone";
			};
			name = Debug;
		};
		0EC0BB8529541BAF0071C3B2 /* Release */ = {
			isa = XCBuildConfiguration;
			buildSettings = {
				ALWAYS_SEARCH_USER_PATHS = NO;
				CLANG_ANALYZER_NONNULL = YES;
				CLANG_ANALYZER_NUMBER_OBJECT_CONVERSION = YES_AGGRESSIVE;
				CLANG_CXX_LANGUAGE_STANDARD = "gnu++20";
				CLANG_ENABLE_MODULES = YES;
				CLANG_ENABLE_OBJC_ARC = YES;
				CLANG_ENABLE_OBJC_WEAK = YES;
				CLANG_WARN_BLOCK_CAPTURE_AUTORELEASING = YES;
				CLANG_WARN_BOOL_CONVERSION = YES;
				CLANG_WARN_COMMA = YES;
				CLANG_WARN_CONSTANT_CONVERSION = YES;
				CLANG_WARN_DEPRECATED_OBJC_IMPLEMENTATIONS = YES;
				CLANG_WARN_DIRECT_OBJC_ISA_USAGE = YES_ERROR;
				CLANG_WARN_DOCUMENTATION_COMMENTS = YES;
				CLANG_WARN_EMPTY_BODY = YES;
				CLANG_WARN_ENUM_CONVERSION = YES;
				CLANG_WARN_INFINITE_RECURSION = YES;
				CLANG_WARN_INT_CONVERSION = YES;
				CLANG_WARN_NON_LITERAL_NULL_CONVERSION = YES;
				CLANG_WARN_OBJC_IMPLICIT_RETAIN_SELF = YES;
				CLANG_WARN_OBJC_LITERAL_CONVERSION = YES;
				CLANG_WARN_OBJC_ROOT_CLASS = YES_ERROR;
				CLANG_WARN_QUOTED_INCLUDE_IN_FRAMEWORK_HEADER = YES;
				CLANG_WARN_RANGE_LOOP_ANALYSIS = YES;
				CLANG_WARN_STRICT_PROTOTYPES = YES;
				CLANG_WARN_SUSPICIOUS_MOVE = YES;
				CLANG_WARN_UNGUARDED_AVAILABILITY = YES_AGGRESSIVE;
				CLANG_WARN_UNREACHABLE_CODE = YES;
				CLANG_WARN__DUPLICATE_METHOD_MATCH = YES;
				COPY_PHASE_STRIP = NO;
				DEBUG_INFORMATION_FORMAT = "dwarf-with-dsym";
				ENABLE_NS_ASSERTIONS = NO;
				ENABLE_STRICT_OBJC_MSGSEND = YES;
				GCC_C_LANGUAGE_STANDARD = gnu11;
				GCC_NO_COMMON_BLOCKS = YES;
				GCC_WARN_64_TO_32_BIT_CONVERSION = YES;
				GCC_WARN_ABOUT_RETURN_TYPE = YES_ERROR;
				GCC_WARN_UNDECLARED_SELECTOR = YES;
				GCC_WARN_UNINITIALIZED_AUTOS = YES_AGGRESSIVE;
				GCC_WARN_UNUSED_FUNCTION = YES;
				GCC_WARN_UNUSED_VARIABLE = YES;
				MACOSX_DEPLOYMENT_TARGET = 13.1;
				MTL_ENABLE_DEBUG_INFO = NO;
				MTL_FAST_MATH = YES;
				SDKROOT = macosx;
				SWIFT_COMPILATION_MODE = wholemodule;
				SWIFT_OPTIMIZATION_LEVEL = "-O";
			};
			name = Release;
		};
		0EC0BB8729541BAF0071C3B2 /* Debug */ = {
			isa = XCBuildConfiguration;
			buildSettings = {
				CODE_SIGN_STYLE = Automatic;
				PRODUCT_NAME = "$(TARGET_NAME)";
				SWIFT_VERSION = 5.0;
			};
			name = Debug;
		};
		0EC0BB8829541BAF0071C3B2 /* Release */ = {
			isa = XCBuildConfiguration;
			buildSettings = {
				CODE_SIGN_STYLE = Automatic;
				PRODUCT_NAME = "$(TARGET_NAME)";
				SWIFT_VERSION = 5.0;
			};
			name = Release;
		};
/* End XCBuildConfiguration section */

/* Begin XCConfigurationList section */
		0EC0BB7A29541BAF0071C3B2 /* Build configuration list for PBXProject "Day22" */ = {
			isa = XCConfigurationList;
			buildConfigurations = (
				0EC0BB8429541BAF0071C3B2 /* Debug */,
				0EC0BB8529541BAF0071C3B2 /* Release */,
			);
			defaultConfigurationIsVisible = 0;
			defaultConfigurationName = Release;
		};
		0EC0BB8629541BAF0071C3B2 /* Build configuration list for PBXNativeTarget "Day22" */ = {
			isa = XCConfigurationList;
			buildConfigurations = (
				0EC0BB8729541BAF0071C3B2 /* Debug */,
				0EC0BB8829541BAF0071C3B2 /* Release */,
			);
			defaultConfigurationIsVisible = 0;
			defaultConfigurationName = Release;
		};
/* End XCConfigurationList section */

/* Begin XCRemoteSwiftPackageReference section */
		0EC0BB8B29541F310071C3B2 /* XCRemoteSwiftPackageReference "swift-parsing" */ = {
			isa = XCRemoteSwiftPackageReference;
			repositoryURL = "https://github.com/pointfreeco/swift-parsing.git";
			requirement = {
				kind = upToNextMajorVersion;
				minimumVersion = 0.8.0;
			};
		};
/* End XCRemoteSwiftPackageReference section */

/* Begin XCSwiftPackageProductDependency section */
		0EC0BB8C29541F310071C3B2 /* Parsing */ = {
			isa = XCSwiftPackageProductDependency;
			package = 0EC0BB8B29541F310071C3B2 /* XCRemoteSwiftPackageReference "swift-parsing" */;
			productName = Parsing;
		};
		0EC0BB8F2954BAF30071C3B2 /* AdventKit */ = {
			isa = XCSwiftPackageProductDependency;
			productName = AdventKit;
		};
/* End XCSwiftPackageProductDependency section */
	};
	rootObject = 0EC0BB7729541BAF0071C3B2 /* Project object */;
}
